
Microsoft Visual Studio Solution File, Format Version 12.00
# Visual Studio Version 16
VisualStudioVersion = 16.0.32106.194
MinimumVisualStudioVersion = 10.0.40219.1
Project("{FAE04EC0-301F-11D3-BF4B-00C04F79EFBC}") = "Scores", "Scores\Scores.csproj", "{C6B6F047-0B11-4033-B1DD-A0BC6E0D05D4}"
EndProject
Project("{FAE04EC0-301F-11D3-BF4B-00C04F79EFBC}") = "DataLibrary", "DataLibrary\DataLibrary.csproj", "{ECBCF352-523D-4FBB-A1FA-39CB7B463C0F}"
EndProject
Global
	GlobalSection(SolutionConfigurationPlatforms) = preSolution
		Debug|Any CPU = Debug|Any CPU
		Release|Any CPU = Release|Any CPU
	EndGlobalSection
	GlobalSection(ProjectConfigurationPlatforms) = postSolution
		{C6B6F047-0B11-4033-B1DD-A0BC6E0D05D4}.Debug|Any CPU.ActiveCfg = Debug|Any CPU
		{C6B6F047-0B11-4033-B1DD-A0BC6E0D05D4}.Debug|Any CPU.Build.0 = Debug|Any CPU
		{C6B6F047-0B11-4033-B1DD-A0BC6E0D05D4}.Release|Any CPU.ActiveCfg = Release|Any CPU
		{C6B6F047-0B11-4033-B1DD-A0BC6E0D05D4}.Release|Any CPU.Build.0 = Release|Any CPU
		{ECBCF352-523D-4FBB-A1FA-39CB7B463C0F}.Debug|Any CPU.ActiveCfg = Debug|Any CPU
		{ECBCF352-523D-4FBB-A1FA-39CB7B463C0F}.Debug|Any CPU.Build.0 = Debug|Any CPU
		{ECBCF352-523D-4FBB-A1FA-39CB7B463C0F}.Release|Any CPU.ActiveCfg = Release|Any CPU
		{ECBCF352-523D-4FBB-A1FA-39CB7B463C0F}.Release|Any CPU.Build.0 = Release|Any CPU
	EndGlobalSection
	GlobalSection(SolutionProperties) = preSolution
		HideSolutionNode = FALSE
	EndGlobalSection
	GlobalSection(ExtensibilityGlobals) = postSolution
		SolutionGuid = {673C257E-5783-43D4-9EC9-1C983C4C4726}
	EndGlobalSection
EndGlobal
